
Microsoft Visual Studio Solution File, Format Version 12.00
# Visual Studio Version 16
VisualStudioVersion = 16.0.31025.194
MinimumVisualStudioVersion = 10.0.40219.1
Project("{9A19103F-16F7-4668-BE54-9A1E7A4F7556}") = "Business", "Business\Business.csproj", "{FDCFDDC8-9BDF-4541-96E6-DD2D5EC59EB5}"
EndProject
Project("{9A19103F-16F7-4668-BE54-9A1E7A4F7556}") = "AutomationUI", "AutomationUI\AutomationUI.csproj", "{163F9629-F760-4028-8292-6E984A16FCBD}"
EndProject
Project("{9A19103F-16F7-4668-BE54-9A1E7A4F7556}") = "Entities", "Variable\Entities.csproj", "{2E150DB1-28D9-4E40-A090-112B6E44BD87}"
EndProject
Global
	GlobalSection(SolutionConfigurationPlatforms) = preSolution
		Debug|Any CPU = Debug|Any CPU
		Release|Any CPU = Release|Any CPU
	EndGlobalSection
	GlobalSection(ProjectConfigurationPlatforms) = postSolution
		{FDCFDDC8-9BDF-4541-96E6-DD2D5EC59EB5}.Debug|Any CPU.ActiveCfg = Debug|Any CPU
		{FDCFDDC8-9BDF-4541-96E6-DD2D5EC59EB5}.Debug|Any CPU.Build.0 = Debug|Any CPU
		{FDCFDDC8-9BDF-4541-96E6-DD2D5EC59EB5}.Release|Any CPU.ActiveCfg = Release|Any CPU
		{FDCFDDC8-9BDF-4541-96E6-DD2D5EC59EB5}.Release|Any CPU.Build.0 = Release|Any CPU
		{163F9629-F760-4028-8292-6E984A16FCBD}.Debug|Any CPU.ActiveCfg = Debug|Any CPU
		{163F9629-F760-4028-8292-6E984A16FCBD}.Debug|Any CPU.Build.0 = Debug|Any CPU
		{163F9629-F760-4028-8292-6E984A16FCBD}.Release|Any CPU.ActiveCfg = Release|Any CPU
		{163F9629-F760-4028-8292-6E984A16FCBD}.Release|Any CPU.Build.0 = Release|Any CPU
		{2E150DB1-28D9-4E40-A090-112B6E44BD87}.Debug|Any CPU.ActiveCfg = Debug|Any CPU
		{2E150DB1-28D9-4E40-A090-112B6E44BD87}.Debug|Any CPU.Build.0 = Debug|Any CPU
		{2E150DB1-28D9-4E40-A090-112B6E44BD87}.Release|Any CPU.ActiveCfg = Release|Any CPU
		{2E150DB1-28D9-4E40-A090-112B6E44BD87}.Release|Any CPU.Build.0 = Release|Any CPU
	EndGlobalSection
	GlobalSection(SolutionProperties) = preSolution
		HideSolutionNode = FALSE
	EndGlobalSection
	GlobalSection(ExtensibilityGlobals) = postSolution
		SolutionGuid = {254816FF-B027-4933-B030-5DFF8A0171B4}
	EndGlobalSection
EndGlobal
